<?xml version="1.0" encoding="utf-8"?>
<Project ToolsVersion="4.0" xmlns="http://schemas.microsoft.com/developer/msbuild/2003">
  <ItemGroup>
    <ClCompile Include="thirdparty\glad\glad.cc">
      <Filter>thirdparty\glad</Filter>
    </ClCompile>
    <ClCompile Include="thirdparty\glm\detail\glm.cpp">
      <Filter>thirdparty\glm</Filter>
    </ClCompile>
    <ClCompile Include="graphics\graphics.cpp">
      <Filter>graphics</Filter>
    </ClCompile>
    <ClCompile Include="graphics\renderer.cpp">
      <Filter>graphics</Filter>
    </ClCompile>
    <ClCompile Include="graphics\shader.cpp">
      <Filter>graphics</Filter>
    </ClCompile>
    <ClCompile Include="graphics\texture.cpp">
      <Filter>graphics</Filter>
    </ClCompile>
    <ClCompile Include="graphics\window.cpp">
      <Filter>graphics</Filter>
    </ClCompile>
    <ClCompile Include="main.cpp" />
  </ItemGroup>
  <ItemGroup>
    <ClInclude Include="thirdparty\stb\stb.h">
      <Filter>thirdparty\stb</Filter>
    </ClInclude>
    <ClInclude Include="thirdparty\stb\stb_image.h">
      <Filter>thirdparty\stb</Filter>
    </ClInclude>
    <ClInclude Include="thirdparty\glad\glad.hh">
      <Filter>thirdparty\glad</Filter>
    </ClInclude>
    <ClInclude Include="thirdparty\glm\detail\_features.hpp">
      <Filter>thirdparty\glm</Filter>
    </ClInclude>
    <ClInclude Include="thirdparty\glm\detail\_fixes.hpp">
      <Filter>thirdparty\glm</Filter>
    </ClInclude>
    <ClInclude Include="thirdparty\glm\detail\_noise.hpp">
      <Filter>thirdparty\glm</Filter>
    </ClInclude>
    <ClInclude Include="thirdparty\glm\detail\_swizzle.hpp">
      <Filter>thirdparty\glm</Filter>
    </ClInclude>
    <ClInclude Include="thirdparty\glm\detail\_swizzle_func.hpp">
      <Filter>thirdparty\glm</Filter>
    </ClInclude>
    <ClInclude Include="thirdparty\glm\detail\_vectorize.hpp">
      <Filter>thirdparty\glm</Filter>
    </ClInclude>
    <ClInclude Include="thirdparty\glm\gtx\associated_min_max.hpp">
      <Filter>thirdparty\glm</Filter>
    </ClInclude>
    <ClInclude Include="thirdparty\glm\gtx\bit.hpp">
      <Filter>thirdparty\glm</Filter>
    </ClInclude>
    <ClInclude Include="thirdparty\glm\gtc\bitfield.hpp">
      <Filter>thirdparty\glm</Filter>
    </ClInclude>
    <ClInclude Include="thirdparty\glm\gtx\closest_point.hpp">
      <Filter>thirdparty\glm</Filter>
    </ClInclude>
    <ClInclude Include="thirdparty\glm\gtx\color_encoding.hpp">
      <Filter>thirdparty\glm</Filter>
    </ClInclude>
    <ClInclude Include="thirdparty\glm\gtx\color_space.hpp">
      <Filter>thirdparty\glm</Filter>
    </ClInclude>
    <ClInclude Include="thirdparty\glm\gtc\color_space.hpp">
      <Filter>thirdparty\glm</Filter>
    </ClInclude>
    <ClInclude Include="thirdparty\glm\gtx\color_space_YCoCg.hpp">
      <Filter>thirdparty\glm</Filter>
    </ClInclude>
    <ClInclude Include="thirdparty\glm\simd\common.h">
      <Filter>thirdparty\glm</Filter>
    </ClInclude>
    <ClInclude Include="thirdparty\glm\gtx\common.hpp">
      <Filter>thirdparty\glm</Filter>
    </ClInclude>
    <ClInclude Include="thirdparty\glm\common.hpp">
      <Filter>thirdparty\glm</Filter>
    </ClInclude>
    <ClInclude Include="thirdparty\glm\gtx\compatibility.hpp">
      <Filter>thirdparty\glm</Filter>
    </ClInclude>
    <ClInclude Include="thirdparty\glm\gtx\component_wise.hpp">
      <Filter>thirdparty\glm</Filter>
    </ClInclude>
    <ClInclude Include="thirdparty\glm\detail\compute_common.hpp">
      <Filter>thirdparty\glm</Filter>
    </ClInclude>
    <ClInclude Include="thirdparty\glm\detail\compute_vector_relational.hpp">
      <Filter>thirdparty\glm</Filter>
    </ClInclude>
    <ClInclude Include="thirdparty\glm\gtc\constants.hpp">
      <Filter>thirdparty\glm</Filter>
    </ClInclude>
    <ClInclude Include="thirdparty\glm\gtx\dual_quaternion.hpp">
      <Filter>thirdparty\glm</Filter>
    </ClInclude>
    <ClInclude Include="thirdparty\glm\gtx\easing.hpp">
      <Filter>thirdparty\glm</Filter>
    </ClInclude>
    <ClInclude Include="thirdparty\glm\gtc\epsilon.hpp">
      <Filter>thirdparty\glm</Filter>
    </ClInclude>
    <ClInclude Include="thirdparty\glm\gtx\euler_angles.hpp">
      <Filter>thirdparty\glm</Filter>
    </ClInclude>
    <ClInclude Include="thirdparty\glm\simd\exponential.h">
      <Filter>thirdparty\glm</Filter>
    </ClInclude>
    <ClInclude Include="thirdparty\glm\exponential.hpp">
      <Filter>thirdparty\glm</Filter>
    </ClInclude>
    <ClInclude Include="thirdparty\glm\ext.hpp">
      <Filter>thirdparty\glm</Filter>
    </ClInclude>
    <ClInclude Include="thirdparty\glm\gtx\extend.hpp">
      <Filter>thirdparty\glm</Filter>
    </ClInclude>
    <ClInclude Include="thirdparty\glm\gtx\extended_min_max.hpp">
      <Filter>thirdparty\glm</Filter>
    </ClInclude>
    <ClInclude Include="thirdparty\glm\gtx\exterior_product.hpp">
      <Filter>thirdparty\glm</Filter>
    </ClInclude>
    <ClInclude Include="thirdparty\glm\gtx\fast_exponential.hpp">
      <Filter>thirdparty\glm</Filter>
    </ClInclude>
    <ClInclude Include="thirdparty\glm\gtx\fast_square_root.hpp">
      <Filter>thirdparty\glm</Filter>
    </ClInclude>
    <ClInclude Include="thirdparty\glm\gtx\fast_trigonometry.hpp">
      <Filter>thirdparty\glm</Filter>
    </ClInclude>
    <ClInclude Include="thirdparty\glm\gtx\functions.hpp">
      <Filter>thirdparty\glm</Filter>
    </ClInclude>
    <ClInclude Include="thirdparty\glm\fwd.hpp">
      <Filter>thirdparty\glm</Filter>
    </ClInclude>
    <ClInclude Include="thirdparty\glm\simd\geometric.h">
      <Filter>thirdparty\glm</Filter>
    </ClInclude>
    <ClInclude Include="thirdparty\glm\geometric.hpp">
      <Filter>thirdparty\glm</Filter>
    </ClInclude>
    <ClInclude Include="thirdparty\glm\glm.hpp">
      <Filter>thirdparty\glm</Filter>
    </ClInclude>
    <ClInclude Include="thirdparty\glm\gtx\gradient_paint.hpp">
      <Filter>thirdparty\glm</Filter>
    </ClInclude>
    <ClInclude Include="thirdparty\glm\gtx\handed_coordinate_space.hpp">
      <Filter>thirdparty\glm</Filter>
    </ClInclude>
    <ClInclude Include="thirdparty\glm\gtx\hash.hpp">
      <Filter>thirdparty\glm</Filter>
    </ClInclude>
    <ClInclude Include="thirdparty\glm\simd\integer.h">
      <Filter>thirdparty\glm</Filter>
    </ClInclude>
    <ClInclude Include="thirdparty\glm\integer.hpp">
      <Filter>thirdparty\glm</Filter>
    </ClInclude>
    <ClInclude Include="thirdparty\glm\gtx\integer.hpp">
      <Filter>thirdparty\glm</Filter>
    </ClInclude>
    <ClInclude Include="thirdparty\glm\gtc\integer.hpp">
      <Filter>thirdparty\glm</Filter>
    </ClInclude>
    <ClInclude Include="thirdparty\glm\gtx\intersect.hpp">
      <Filter>thirdparty\glm</Filter>
    </ClInclude>
    <ClInclude Include="thirdparty\glm\gtx\io.hpp">
      <Filter>thirdparty\glm</Filter>
    </ClInclude>
    <ClInclude Include="thirdparty\glm\gtx\log_base.hpp">
      <Filter>thirdparty\glm</Filter>
    </ClInclude>
    <ClInclude Include="thirdparty\glm\mat2x2.hpp">
      <Filter>thirdparty\glm</Filter>
    </ClInclude>
    <ClInclude Include="thirdparty\glm\mat2x3.hpp">
      <Filter>thirdparty\glm</Filter>
    </ClInclude>
    <ClInclude Include="thirdparty\glm\mat2x4.hpp">
      <Filter>thirdparty\glm</Filter>
    </ClInclude>
    <ClInclude Include="thirdparty\glm\mat3x2.hpp">
      <Filter>thirdparty\glm</Filter>
    </ClInclude>
    <ClInclude Include="thirdparty\glm\mat3x3.hpp">
      <Filter>thirdparty\glm</Filter>
    </ClInclude>
    <ClInclude Include="thirdparty\glm\mat3x4.hpp">
      <Filter>thirdparty\glm</Filter>
    </ClInclude>
    <ClInclude Include="thirdparty\glm\mat4x2.hpp">
      <Filter>thirdparty\glm</Filter>
    </ClInclude>
    <ClInclude Include="thirdparty\glm\mat4x3.hpp">
      <Filter>thirdparty\glm</Filter>
    </ClInclude>
    <ClInclude Include="thirdparty\glm\mat4x4.hpp">
      <Filter>thirdparty\glm</Filter>
    </ClInclude>
    <ClInclude Include="thirdparty\glm\simd\matrix.h">
      <Filter>thirdparty\glm</Filter>
    </ClInclude>
    <ClInclude Include="thirdparty\glm\matrix.hpp">
      <Filter>thirdparty\glm</Filter>
    </ClInclude>
    <ClInclude Include="thirdparty\glm\gtc\matrix_access.hpp">
      <Filter>thirdparty\glm</Filter>
    </ClInclude>
    <ClInclude Include="thirdparty\glm\ext\matrix_clip_space.hpp">
      <Filter>thirdparty\glm</Filter>
    </ClInclude>
    <ClInclude Include="thirdparty\glm\gtx\matrix_cross_product.hpp">
      <Filter>thirdparty\glm</Filter>
    </ClInclude>
    <ClInclude Include="thirdparty\glm\gtx\matrix_decompose.hpp">
      <Filter>thirdparty\glm</Filter>
    </ClInclude>
    <ClInclude Include="thirdparty\glm\ext\matrix_double2x2.hpp">
      <Filter>thirdparty\glm</Filter>
    </ClInclude>
    <ClInclude Include="thirdparty\glm\ext\matrix_double2x2_precision.hpp">
      <Filter>thirdparty\glm</Filter>
    </ClInclude>
    <ClInclude Include="thirdparty\glm\ext\matrix_double2x3.hpp">
      <Filter>thirdparty\glm</Filter>
    </ClInclude>
    <ClInclude Include="thirdparty\glm\ext\matrix_double2x3_precision.hpp">
      <Filter>thirdparty\glm</Filter>
    </ClInclude>
    <ClInclude Include="thirdparty\glm\ext\matrix_double2x4.hpp">
      <Filter>thirdparty\glm</Filter>
    </ClInclude>
    <ClInclude Include="thirdparty\glm\ext\matrix_double2x4_precision.hpp">
      <Filter>thirdparty\glm</Filter>
    </ClInclude>
    <ClInclude Include="thirdparty\glm\ext\matrix_double3x2.hpp">
      <Filter>thirdparty\glm</Filter>
    </ClInclude>
    <ClInclude Include="thirdparty\glm\ext\matrix_double3x2_precision.hpp">
      <Filter>thirdparty\glm</Filter>
    </ClInclude>
    <ClInclude Include="thirdparty\glm\ext\matrix_double3x3.hpp">
      <Filter>thirdparty\glm</Filter>
    </ClInclude>
    <ClInclude Include="thirdparty\glm\ext\matrix_double3x3_precision.hpp">
      <Filter>thirdparty\glm</Filter>
    </ClInclude>
    <ClInclude Include="thirdparty\glm\ext\matrix_double3x4.hpp">
      <Filter>thirdparty\glm</Filter>
    </ClInclude>
    <ClInclude Include="thirdparty\glm\ext\matrix_double3x4_precision.hpp">
      <Filter>thirdparty\glm</Filter>
    </ClInclude>
    <ClInclude Include="thirdparty\glm\ext\matrix_double4x2.hpp">
      <Filter>thirdparty\glm</Filter>
    </ClInclude>
    <ClInclude Include="thirdparty\glm\ext\matrix_double4x2_precision.hpp">
      <Filter>thirdparty\glm</Filter>
    </ClInclude>
    <ClInclude Include="thirdparty\glm\ext\matrix_double4x3.hpp">
      <Filter>thirdparty\glm</Filter>
    </ClInclude>
    <ClInclude Include="thirdparty\glm\ext\matrix_double4x3_precision.hpp">
      <Filter>thirdparty\glm</Filter>
    </ClInclude>
    <ClInclude Include="thirdparty\glm\ext\matrix_double4x4.hpp">
      <Filter>thirdparty\glm</Filter>
    </ClInclude>
    <ClInclude Include="thirdparty\glm\ext\matrix_double4x4_precision.hpp">
      <Filter>thirdparty\glm</Filter>
    </ClInclude>
    <ClInclude Include="thirdparty\glm\gtx\matrix_factorisation.hpp">
      <Filter>thirdparty\glm</Filter>
    </ClInclude>
    <ClInclude Include="thirdparty\glm\ext\matrix_float2x2.hpp">
      <Filter>thirdparty\glm</Filter>
    </ClInclude>
    <ClInclude Include="thirdparty\glm\ext\matrix_float2x2_precision.hpp">
      <Filter>thirdparty\glm</Filter>
    </ClInclude>
    <ClInclude Include="thirdparty\glm\ext\matrix_float2x3.hpp">
      <Filter>thirdparty\glm</Filter>
    </ClInclude>
    <ClInclude Include="thirdparty\glm\ext\matrix_float2x3_precision.hpp">
      <Filter>thirdparty\glm</Filter>
    </ClInclude>
    <ClInclude Include="thirdparty\glm\ext\matrix_float2x4.hpp">
      <Filter>thirdparty\glm</Filter>
    </ClInclude>
    <ClInclude Include="thirdparty\glm\ext\matrix_float2x4_precision.hpp">
      <Filter>thirdparty\glm</Filter>
    </ClInclude>
    <ClInclude Include="thirdparty\glm\ext\matrix_float3x2.hpp">
      <Filter>thirdparty\glm</Filter>
    </ClInclude>
    <ClInclude Include="thirdparty\glm\ext\matrix_float3x2_precision.hpp">
      <Filter>thirdparty\glm</Filter>
    </ClInclude>
    <ClInclude Include="thirdparty\glm\ext\matrix_float3x3.hpp">
      <Filter>thirdparty\glm</Filter>
    </ClInclude>
    <ClInclude Include="thirdparty\glm\ext\matrix_float3x3_precision.hpp">
      <Filter>thirdparty\glm</Filter>
    </ClInclude>
    <ClInclude Include="thirdparty\glm\ext\matrix_float3x4.hpp">
      <Filter>thirdparty\glm</Filter>
    </ClInclude>
    <ClInclude Include="thirdparty\glm\ext\matrix_float3x4_precision.hpp">
      <Filter>thirdparty\glm</Filter>
    </ClInclude>
    <ClInclude Include="thirdparty\glm\ext\matrix_float4x2.hpp">
      <Filter>thirdparty\glm</Filter>
    </ClInclude>
    <ClInclude Include="thirdparty\glm\ext\matrix_float4x2_precision.hpp">
      <Filter>thirdparty\glm</Filter>
    </ClInclude>
    <ClInclude Include="thirdparty\glm\ext\matrix_float4x3.hpp">
      <Filter>thirdparty\glm</Filter>
    </ClInclude>
    <ClInclude Include="thirdparty\glm\ext\matrix_float4x3_precision.hpp">
      <Filter>thirdparty\glm</Filter>
    </ClInclude>
    <ClInclude Include="thirdparty\glm\ext\matrix_float4x4.hpp">
      <Filter>thirdparty\glm</Filter>
    </ClInclude>
    <ClInclude Include="thirdparty\glm\ext\matrix_float4x4_precision.hpp">
      <Filter>thirdparty\glm</Filter>
    </ClInclude>
    <ClInclude Include="thirdparty\glm\gtc\matrix_integer.hpp">
      <Filter>thirdparty\glm</Filter>
    </ClInclude>
    <ClInclude Include="thirdparty\glm\gtx\matrix_interpolation.hpp">
      <Filter>thirdparty\glm</Filter>
    </ClInclude>
    <ClInclude Include="thirdparty\glm\gtc\matrix_inverse.hpp">
      <Filter>thirdparty\glm</Filter>
    </ClInclude>
    <ClInclude Include="thirdparty\glm\gtx\matrix_major_storage.hpp">
      <Filter>thirdparty\glm</Filter>
    </ClInclude>
    <ClInclude Include="thirdparty\glm\gtx\matrix_operation.hpp">
      <Filter>thirdparty\glm</Filter>
    </ClInclude>
    <ClInclude Include="thirdparty\glm\ext\matrix_projection.hpp">
      <Filter>thirdparty\glm</Filter>
    </ClInclude>
    <ClInclude Include="thirdparty\glm\gtx\matrix_query.hpp">
      <Filter>thirdparty\glm</Filter>
    </ClInclude>
    <ClInclude Include="thirdparty\glm\ext\matrix_relational.hpp">
      <Filter>thirdparty\glm</Filter>
    </ClInclude>
    <ClInclude Include="thirdparty\glm\ext\matrix_transform.hpp">
      <Filter>thirdparty\glm</Filter>
    </ClInclude>
    <ClInclude Include="thirdparty\glm\gtc\matrix_transform.hpp">
      <Filter>thirdparty\glm</Filter>
    </ClInclude>
    <ClInclude Include="thirdparty\glm\gtx\matrix_transform_2d.hpp">
      <Filter>thirdparty\glm</Filter>
    </ClInclude>
    <ClInclude Include="thirdparty\glm\gtx\mixed_product.hpp">
      <Filter>thirdparty\glm</Filter>
    </ClInclude>
    <ClInclude Include="thirdparty\glm\gtc\noise.hpp">
      <Filter>thirdparty\glm</Filter>
    </ClInclude>
    <ClInclude Include="thirdparty\glm\gtx\norm.hpp">
      <Filter>thirdparty\glm</Filter>
    </ClInclude>
    <ClInclude Include="thirdparty\glm\gtx\normal.hpp">
      <Filter>thirdparty\glm</Filter>
    </ClInclude>
    <ClInclude Include="thirdparty\glm\gtx\normalize_dot.hpp">
      <Filter>thirdparty\glm</Filter>
    </ClInclude>
    <ClInclude Include="thirdparty\glm\gtx\number_precision.hpp">
      <Filter>thirdparty\glm</Filter>
    </ClInclude>
    <ClInclude Include="thirdparty\glm\gtx\optimum_pow.hpp">
      <Filter>thirdparty\glm</Filter>
    </ClInclude>
    <ClInclude Include="thirdparty\glm\gtx\orthonormalize.hpp">
      <Filter>thirdparty\glm</Filter>
    </ClInclude>
    <ClInclude Include="thirdparty\glm\simd\packing.h">
      <Filter>thirdparty\glm</Filter>
    </ClInclude>
    <ClInclude Include="thirdparty\glm\gtc\packing.hpp">
      <Filter>thirdparty\glm</Filter>
    </ClInclude>
    <ClInclude Include="thirdparty\glm\packing.hpp">
      <Filter>thirdparty\glm</Filter>
    </ClInclude>
    <ClInclude Include="thirdparty\glm\gtx\perpendicular.hpp">
      <Filter>thirdparty\glm</Filter>
    </ClInclude>
    <ClInclude Include="thirdparty\glm\simd\platform.h">
      <Filter>thirdparty\glm</Filter>
    </ClInclude>
    <ClInclude Include="thirdparty\glm\gtx\polar_coordinates.hpp">
      <Filter>thirdparty\glm</Filter>
    </ClInclude>
    <ClInclude Include="thirdparty\glm\gtx\projection.hpp">
      <Filter>thirdparty\glm</Filter>
    </ClInclude>
    <ClInclude Include="thirdparty\glm\detail\qualifier.hpp">
      <Filter>thirdparty\glm</Filter>
    </ClInclude>
    <ClInclude Include="thirdparty\glm\gtx\quaternion.hpp">
      <Filter>thirdparty\glm</Filter>
    </ClInclude>
    <ClInclude Include="thirdparty\glm\gtc\quaternion.hpp">
      <Filter>thirdparty\glm</Filter>
    </ClInclude>
    <ClInclude Include="thirdparty\glm\ext\quaternion_common.hpp">
      <Filter>thirdparty\glm</Filter>
    </ClInclude>
    <ClInclude Include="thirdparty\glm\ext\quaternion_double.hpp">
      <Filter>thirdparty\glm</Filter>
    </ClInclude>
    <ClInclude Include="thirdparty\glm\ext\quaternion_double_precision.hpp">
      <Filter>thirdparty\glm</Filter>
    </ClInclude>
    <ClInclude Include="thirdparty\glm\ext\quaternion_exponential.hpp">
      <Filter>thirdparty\glm</Filter>
    </ClInclude>
    <ClInclude Include="thirdparty\glm\ext\quaternion_float.hpp">
      <Filter>thirdparty\glm</Filter>
    </ClInclude>
    <ClInclude Include="thirdparty\glm\ext\quaternion_float_precision.hpp">
      <Filter>thirdparty\glm</Filter>
    </ClInclude>
    <ClInclude Include="thirdparty\glm\ext\quaternion_geometric.hpp">
      <Filter>thirdparty\glm</Filter>
    </ClInclude>
    <ClInclude Include="thirdparty\glm\ext\quaternion_relational.hpp">
      <Filter>thirdparty\glm</Filter>
    </ClInclude>
    <ClInclude Include="thirdparty\glm\ext\quaternion_transform.hpp">
      <Filter>thirdparty\glm</Filter>
    </ClInclude>
    <ClInclude Include="thirdparty\glm\ext\quaternion_trigonometric.hpp">
      <Filter>thirdparty\glm</Filter>
    </ClInclude>
    <ClInclude Include="thirdparty\glm\gtc\random.hpp">
      <Filter>thirdparty\glm</Filter>
    </ClInclude>
    <ClInclude Include="thirdparty\glm\gtx\range.hpp">
      <Filter>thirdparty\glm</Filter>
    </ClInclude>
    <ClInclude Include="thirdparty\glm\gtx\raw_data.hpp">
      <Filter>thirdparty\glm</Filter>
    </ClInclude>
    <ClInclude Include="thirdparty\glm\gtc\reciprocal.hpp">
      <Filter>thirdparty\glm</Filter>
    </ClInclude>
    <ClInclude Include="thirdparty\glm\gtx\rotate_normalized_axis.hpp">
      <Filter>thirdparty\glm</Filter>
    </ClInclude>
    <ClInclude Include="thirdparty\glm\gtx\rotate_vector.hpp">
      <Filter>thirdparty\glm</Filter>
    </ClInclude>
    <ClInclude Include="thirdparty\glm\gtc\round.hpp">
      <Filter>thirdparty\glm</Filter>
    </ClInclude>
    <ClInclude Include="thirdparty\glm\ext\scalar_common.hpp">
      <Filter>thirdparty\glm</Filter>
    </ClInclude>
    <ClInclude Include="thirdparty\glm\ext\scalar_constants.hpp">
      <Filter>thirdparty\glm</Filter>
    </ClInclude>
    <ClInclude Include="thirdparty\glm\ext\scalar_int_sized.hpp">
      <Filter>thirdparty\glm</Filter>
    </ClInclude>
    <ClInclude Include="thirdparty\glm\gtx\scalar_multiplication.hpp">
      <Filter>thirdparty\glm</Filter>
    </ClInclude>
    <ClInclude Include="thirdparty\glm\ext\scalar_relational.hpp">
      <Filter>thirdparty\glm</Filter>
    </ClInclude>
    <ClInclude Include="thirdparty\glm\gtx\scalar_relational.hpp">
      <Filter>thirdparty\glm</Filter>
    </ClInclude>
    <ClInclude Include="thirdparty\glm\ext\scalar_uint_sized.hpp">
      <Filter>thirdparty\glm</Filter>
    </ClInclude>
    <ClInclude Include="thirdparty\glm\ext\scalar_ulp.hpp">
      <Filter>thirdparty\glm</Filter>
    </ClInclude>
    <ClInclude Include="thirdparty\glm\detail\setup.hpp">
      <Filter>thirdparty\glm</Filter>
    </ClInclude>
    <ClInclude Include="thirdparty\glm\gtx\spline.hpp">
      <Filter>thirdparty\glm</Filter>
    </ClInclude>
    <ClInclude Include="thirdparty\glm\gtx\std_based_type.hpp">
      <Filter>thirdparty\glm</Filter>
    </ClInclude>
    <ClInclude Include="thirdparty\glm\gtx\string_cast.hpp">
      <Filter>thirdparty\glm</Filter>
    </ClInclude>
    <ClInclude Include="thirdparty\glm\gtx\transform.hpp">
      <Filter>thirdparty\glm</Filter>
    </ClInclude>
    <ClInclude Include="thirdparty\glm\gtx\transform2.hpp">
      <Filter>thirdparty\glm</Filter>
    </ClInclude>
    <ClInclude Include="thirdparty\glm\simd\trigonometric.h">
      <Filter>thirdparty\glm</Filter>
    </ClInclude>
    <ClInclude Include="thirdparty\glm\trigonometric.hpp">
      <Filter>thirdparty\glm</Filter>
    </ClInclude>
    <ClInclude Include="thirdparty\glm\gtc\type_aligned.hpp">
      <Filter>thirdparty\glm</Filter>
    </ClInclude>
    <ClInclude Include="thirdparty\glm\gtx\type_aligned.hpp">
      <Filter>thirdparty\glm</Filter>
    </ClInclude>
    <ClInclude Include="thirdparty\glm\detail\type_float.hpp">
      <Filter>thirdparty\glm</Filter>
    </ClInclude>
    <ClInclude Include="thirdparty\glm\detail\type_half.hpp">
      <Filter>thirdparty\glm</Filter>
    </ClInclude>
    <ClInclude Include="thirdparty\glm\detail\type_mat2x2.hpp">
      <Filter>thirdparty\glm</Filter>
    </ClInclude>
    <ClInclude Include="thirdparty\glm\detail\type_mat2x3.hpp">
      <Filter>thirdparty\glm</Filter>
    </ClInclude>
    <ClInclude Include="thirdparty\glm\detail\type_mat2x4.hpp">
      <Filter>thirdparty\glm</Filter>
    </ClInclude>
    <ClInclude Include="thirdparty\glm\detail\type_mat3x2.hpp">
      <Filter>thirdparty\glm</Filter>
    </ClInclude>
    <ClInclude Include="thirdparty\glm\detail\type_mat3x3.hpp">
      <Filter>thirdparty\glm</Filter>
    </ClInclude>
    <ClInclude Include="thirdparty\glm\detail\type_mat3x4.hpp">
      <Filter>thirdparty\glm</Filter>
    </ClInclude>
    <ClInclude Include="thirdparty\glm\detail\type_mat4x2.hpp">
      <Filter>thirdparty\glm</Filter>
    </ClInclude>
    <ClInclude Include="thirdparty\glm\detail\type_mat4x3.hpp">
      <Filter>thirdparty\glm</Filter>
    </ClInclude>
    <ClInclude Include="thirdparty\glm\detail\type_mat4x4.hpp">
      <Filter>thirdparty\glm</Filter>
    </ClInclude>
    <ClInclude Include="thirdparty\glm\gtc\type_precision.hpp">
      <Filter>thirdparty\glm</Filter>
    </ClInclude>
    <ClInclude Include="thirdparty\glm\gtc\type_ptr.hpp">
      <Filter>thirdparty\glm</Filter>
    </ClInclude>
    <ClInclude Include="thirdparty\glm\detail\type_quat.hpp">
      <Filter>thirdparty\glm</Filter>
    </ClInclude>
    <ClInclude Include="thirdparty\glm\gtx\type_trait.hpp">
      <Filter>thirdparty\glm</Filter>
    </ClInclude>
    <ClInclude Include="thirdparty\glm\detail\type_vec1.hpp">
      <Filter>thirdparty\glm</Filter>
    </ClInclude>
    <ClInclude Include="thirdparty\glm\detail\type_vec2.hpp">
      <Filter>thirdparty\glm</Filter>
    </ClInclude>
    <ClInclude Include="thirdparty\glm\detail\type_vec3.hpp">
      <Filter>thirdparty\glm</Filter>
    </ClInclude>
    <ClInclude Include="thirdparty\glm\detail\type_vec4.hpp">
      <Filter>thirdparty\glm</Filter>
    </ClInclude>
    <ClInclude Include="thirdparty\glm\gtc\ulp.hpp">
      <Filter>thirdparty\glm</Filter>
    </ClInclude>
    <ClInclude Include="thirdparty\glm\gtx\vec_swizzle.hpp">
      <Filter>thirdparty\glm</Filter>
    </ClInclude>
    <ClInclude Include="thirdparty\glm\gtc\vec1.hpp">
      <Filter>thirdparty\glm</Filter>
    </ClInclude>
    <ClInclude Include="thirdparty\glm\vec2.hpp">
      <Filter>thirdparty\glm</Filter>
    </ClInclude>
    <ClInclude Include="thirdparty\glm\vec3.hpp">
      <Filter>thirdparty\glm</Filter>
    </ClInclude>
    <ClInclude Include="thirdparty\glm\vec4.hpp">
      <Filter>thirdparty\glm</Filter>
    </ClInclude>
    <ClInclude Include="thirdparty\glm\gtx\vector_angle.hpp">
      <Filter>thirdparty\glm</Filter>
    </ClInclude>
    <ClInclude Include="thirdparty\glm\ext\vector_bool1.hpp">
      <Filter>thirdparty\glm</Filter>
    </ClInclude>
    <ClInclude Include="thirdparty\glm\ext\vector_bool1_precision.hpp">
      <Filter>thirdparty\glm</Filter>
    </ClInclude>
    <ClInclude Include="thirdparty\glm\ext\vector_bool2.hpp">
      <Filter>thirdparty\glm</Filter>
    </ClInclude>
    <ClInclude Include="thirdparty\glm\ext\vector_bool2_precision.hpp">
      <Filter>thirdparty\glm</Filter>
    </ClInclude>
    <ClInclude Include="thirdparty\glm\ext\vector_bool3.hpp">
      <Filter>thirdparty\glm</Filter>
    </ClInclude>
    <ClInclude Include="thirdparty\glm\ext\vector_bool3_precision.hpp">
      <Filter>thirdparty\glm</Filter>
    </ClInclude>
    <ClInclude Include="thirdparty\glm\ext\vector_bool4.hpp">
      <Filter>thirdparty\glm</Filter>
    </ClInclude>
    <ClInclude Include="thirdparty\glm\ext\vector_bool4_precision.hpp">
      <Filter>thirdparty\glm</Filter>
    </ClInclude>
    <ClInclude Include="thirdparty\glm\ext\vector_common.hpp">
      <Filter>thirdparty\glm</Filter>
    </ClInclude>
    <ClInclude Include="thirdparty\glm\ext\vector_double1.hpp">
      <Filter>thirdparty\glm</Filter>
    </ClInclude>
    <ClInclude Include="thirdparty\glm\ext\vector_double1_precision.hpp">
      <Filter>thirdparty\glm</Filter>
    </ClInclude>
    <ClInclude Include="thirdparty\glm\ext\vector_double2.hpp">
      <Filter>thirdparty\glm</Filter>
    </ClInclude>
    <ClInclude Include="thirdparty\glm\ext\vector_double2_precision.hpp">
      <Filter>thirdparty\glm</Filter>
    </ClInclude>
    <ClInclude Include="thirdparty\glm\ext\vector_double3.hpp">
      <Filter>thirdparty\glm</Filter>
    </ClInclude>
    <ClInclude Include="thirdparty\glm\ext\vector_double3_precision.hpp">
      <Filter>thirdparty\glm</Filter>
    </ClInclude>
    <ClInclude Include="thirdparty\glm\ext\vector_double4.hpp">
      <Filter>thirdparty\glm</Filter>
    </ClInclude>
    <ClInclude Include="thirdparty\glm\ext\vector_double4_precision.hpp">
      <Filter>thirdparty\glm</Filter>
    </ClInclude>
    <ClInclude Include="thirdparty\glm\ext\vector_float1.hpp">
      <Filter>thirdparty\glm</Filter>
    </ClInclude>
    <ClInclude Include="thirdparty\glm\ext\vector_float1_precision.hpp">
      <Filter>thirdparty\glm</Filter>
    </ClInclude>
    <ClInclude Include="thirdparty\glm\ext\vector_float2.hpp">
      <Filter>thirdparty\glm</Filter>
    </ClInclude>
    <ClInclude Include="thirdparty\glm\ext\vector_float2_precision.hpp">
      <Filter>thirdparty\glm</Filter>
    </ClInclude>
    <ClInclude Include="thirdparty\glm\ext\vector_float3.hpp">
      <Filter>thirdparty\glm</Filter>
    </ClInclude>
    <ClInclude Include="thirdparty\glm\ext\vector_float3_precision.hpp">
      <Filter>thirdparty\glm</Filter>
    </ClInclude>
    <ClInclude Include="thirdparty\glm\ext\vector_float4.hpp">
      <Filter>thirdparty\glm</Filter>
    </ClInclude>
    <ClInclude Include="thirdparty\glm\ext\vector_float4_precision.hpp">
      <Filter>thirdparty\glm</Filter>
    </ClInclude>
    <ClInclude Include="thirdparty\glm\ext\vector_int1.hpp">
      <Filter>thirdparty\glm</Filter>
    </ClInclude>
    <ClInclude Include="thirdparty\glm\ext\vector_int1_precision.hpp">
      <Filter>thirdparty\glm</Filter>
    </ClInclude>
    <ClInclude Include="thirdparty\glm\ext\vector_int2.hpp">
      <Filter>thirdparty\glm</Filter>
    </ClInclude>
    <ClInclude Include="thirdparty\glm\ext\vector_int2_precision.hpp">
      <Filter>thirdparty\glm</Filter>
    </ClInclude>
    <ClInclude Include="thirdparty\glm\ext\vector_int3.hpp">
      <Filter>thirdparty\glm</Filter>
    </ClInclude>
    <ClInclude Include="thirdparty\glm\ext\vector_int3_precision.hpp">
      <Filter>thirdparty\glm</Filter>
    </ClInclude>
    <ClInclude Include="thirdparty\glm\ext\vector_int4.hpp">
      <Filter>thirdparty\glm</Filter>
    </ClInclude>
    <ClInclude Include="thirdparty\glm\ext\vector_int4_precision.hpp">
      <Filter>thirdparty\glm</Filter>
    </ClInclude>
    <ClInclude Include="thirdparty\glm\gtx\vector_query.hpp">
      <Filter>thirdparty\glm</Filter>
    </ClInclude>
    <ClInclude Include="thirdparty\glm\simd\vector_relational.h">
      <Filter>thirdparty\glm</Filter>
    </ClInclude>
    <ClInclude Include="thirdparty\glm\vector_relational.hpp">
      <Filter>thirdparty\glm</Filter>
    </ClInclude>
    <ClInclude Include="thirdparty\glm\ext\vector_relational.hpp">
      <Filter>thirdparty\glm</Filter>
    </ClInclude>
    <ClInclude Include="thirdparty\glm\ext\vector_uint1.hpp">
      <Filter>thirdparty\glm</Filter>
    </ClInclude>
    <ClInclude Include="thirdparty\glm\ext\vector_uint1_precision.hpp">
      <Filter>thirdparty\glm</Filter>
    </ClInclude>
    <ClInclude Include="thirdparty\glm\ext\vector_uint2.hpp">
      <Filter>thirdparty\glm</Filter>
    </ClInclude>
    <ClInclude Include="thirdparty\glm\ext\vector_uint2_precision.hpp">
      <Filter>thirdparty\glm</Filter>
    </ClInclude>
    <ClInclude Include="thirdparty\glm\ext\vector_uint3.hpp">
      <Filter>thirdparty\glm</Filter>
    </ClInclude>
    <ClInclude Include="thirdparty\glm\ext\vector_uint3_precision.hpp">
      <Filter>thirdparty\glm</Filter>
    </ClInclude>
    <ClInclude Include="thirdparty\glm\ext\vector_uint4.hpp">
      <Filter>thirdparty\glm</Filter>
    </ClInclude>
    <ClInclude Include="thirdparty\glm\ext\vector_uint4_precision.hpp">
      <Filter>thirdparty\glm</Filter>
    </ClInclude>
    <ClInclude Include="thirdparty\glm\ext\vector_ulp.hpp">
      <Filter>thirdparty\glm</Filter>
    </ClInclude>
    <ClInclude Include="thirdparty\glm\gtx\wrap.hpp">
      <Filter>thirdparty\glm</Filter>
    </ClInclude>
    <ClInclude Include="thirdparty\glm\gtx\texture.hpp">
      <Filter>thirdparty\glm</Filter>
    </ClInclude>
    <ClInclude Include="graphics\graphics.hpp">
      <Filter>graphics</Filter>
    </ClInclude>
    <ClInclude Include="graphics\renderer.hpp">
      <Filter>graphics</Filter>
    </ClInclude>
    <ClInclude Include="graphics\shader.hpp">
      <Filter>graphics</Filter>
    </ClInclude>
    <ClInclude Include="graphics\texture.hpp">
      <Filter>graphics</Filter>
    </ClInclude>
    <ClInclude Include="graphics\window.hpp">
      <Filter>graphics</Filter>
    </ClInclude>
  </ItemGroup>
  <ItemGroup>
    <None Include="thirdparty\glm\gtx\associated_min_max.inl">
      <Filter>thirdparty\glm</Filter>
    </None>
    <None Include="thirdparty\glm\gtx\bit.inl">
      <Filter>thirdparty\glm</Filter>
    </None>
    <None Include="thirdparty\glm\gtc\bitfield.inl">
      <Filter>thirdparty\glm</Filter>
    </None>
    <None Include="thirdparty\glm\gtx\closest_point.inl">
      <Filter>thirdparty\glm</Filter>
    </None>
    <None Include="thirdparty\glm\gtx\color_encoding.inl">
      <Filter>thirdparty\glm</Filter>
    </None>
    <None Include="thirdparty\glm\gtc\color_space.inl">
      <Filter>thirdparty\glm</Filter>
    </None>
    <None Include="thirdparty\glm\gtx\color_space.inl">
      <Filter>thirdparty\glm</Filter>
    </None>
    <None Include="thirdparty\glm\gtx\color_space_YCoCg.inl">
      <Filter>thirdparty\glm</Filter>
    </None>
    <None Include="thirdparty\glm\gtx\common.inl">
      <Filter>thirdparty\glm</Filter>
    </None>
    <None Include="thirdparty\glm\gtx\compatibility.inl">
      <Filter>thirdparty\glm</Filter>
    </None>
    <None Include="thirdparty\glm\gtx\component_wise.inl">
      <Filter>thirdparty\glm</Filter>
    </None>
    <None Include="thirdparty\glm\gtc\constants.inl">
      <Filter>thirdparty\glm</Filter>
    </None>
    <None Include="thirdparty\glm\gtx\dual_quaternion.inl">
      <Filter>thirdparty\glm</Filter>
    </None>
    <None Include="thirdparty\glm\gtx\easing.inl">
      <Filter>thirdparty\glm</Filter>
    </None>
    <None Include="thirdparty\glm\gtc\epsilon.inl">
      <Filter>thirdparty\glm</Filter>
    </None>
    <None Include="thirdparty\glm\gtx\euler_angles.inl">
      <Filter>thirdparty\glm</Filter>
    </None>
    <None Include="thirdparty\glm\gtx\extend.inl">
      <Filter>thirdparty\glm</Filter>
    </None>
    <None Include="thirdparty\glm\gtx\extended_min_max.inl">
      <Filter>thirdparty\glm</Filter>
    </None>
    <None Include="thirdparty\glm\gtx\exterior_product.inl">
      <Filter>thirdparty\glm</Filter>
    </None>
    <None Include="thirdparty\glm\gtx\fast_exponential.inl">
      <Filter>thirdparty\glm</Filter>
    </None>
    <None Include="thirdparty\glm\gtx\fast_square_root.inl">
      <Filter>thirdparty\glm</Filter>
    </None>
    <None Include="thirdparty\glm\gtx\fast_trigonometry.inl">
      <Filter>thirdparty\glm</Filter>
    </None>
    <None Include="thirdparty\glm\gtx\float_notmalize.inl">
      <Filter>thirdparty\glm</Filter>
    </None>
    <None Include="thirdparty\glm\detail\func_common.inl">
      <Filter>thirdparty\glm</Filter>
    </None>
    <None Include="thirdparty\glm\detail\func_common_simd.inl">
      <Filter>thirdparty\glm</Filter>
    </None>
    <None Include="thirdparty\glm\detail\func_exponential.inl">
      <Filter>thirdparty\glm</Filter>
    </None>
    <None Include="thirdparty\glm\detail\func_exponential_simd.inl">
      <Filter>thirdparty\glm</Filter>
    </None>
    <None Include="thirdparty\glm\detail\func_geometric.inl">
      <Filter>thirdparty\glm</Filter>
    </None>
    <None Include="thirdparty\glm\detail\func_geometric_simd.inl">
      <Filter>thirdparty\glm</Filter>
    </None>
    <None Include="thirdparty\glm\detail\func_integer.inl">
      <Filter>thirdparty\glm</Filter>
    </None>
    <None Include="thirdparty\glm\detail\func_integer_simd.inl">
      <Filter>thirdparty\glm</Filter>
    </None>
    <None Include="thirdparty\glm\detail\func_matrix.inl">
      <Filter>thirdparty\glm</Filter>
    </None>
    <None Include="thirdparty\glm\detail\func_matrix_simd.inl">
      <Filter>thirdparty\glm</Filter>
    </None>
    <None Include="thirdparty\glm\detail\func_packing.inl">
      <Filter>thirdparty\glm</Filter>
    </None>
    <None Include="thirdparty\glm\detail\func_packing_simd.inl">
      <Filter>thirdparty\glm</Filter>
    </None>
    <None Include="thirdparty\glm\detail\func_trigonometric.inl">
      <Filter>thirdparty\glm</Filter>
    </None>
    <None Include="thirdparty\glm\detail\func_trigonometric_simd.inl">
      <Filter>thirdparty\glm</Filter>
    </None>
    <None Include="thirdparty\glm\detail\func_vector_relational.inl">
      <Filter>thirdparty\glm</Filter>
    </None>
    <None Include="thirdparty\glm\detail\func_vector_relational_simd.inl">
      <Filter>thirdparty\glm</Filter>
    </None>
    <None Include="thirdparty\glm\gtx\functions.inl">
      <Filter>thirdparty\glm</Filter>
    </None>
    <None Include="thirdparty\glm\gtx\gradient_paint.inl">
      <Filter>thirdparty\glm</Filter>
    </None>
    <None Include="thirdparty\glm\gtx\handed_coordinate_space.inl">
      <Filter>thirdparty\glm</Filter>
    </None>
    <None Include="thirdparty\glm\gtx\hash.inl">
      <Filter>thirdparty\glm</Filter>
    </None>
    <None Include="thirdparty\glm\gtx\integer.inl">
      <Filter>thirdparty\glm</Filter>
    </None>
    <None Include="thirdparty\glm\gtc\integer.inl">
      <Filter>thirdparty\glm</Filter>
    </None>
    <None Include="thirdparty\glm\gtx\intersect.inl">
      <Filter>thirdparty\glm</Filter>
    </None>
    <None Include="thirdparty\glm\gtx\io.inl">
      <Filter>thirdparty\glm</Filter>
    </None>
    <None Include="thirdparty\glm\gtx\log_base.inl">
      <Filter>thirdparty\glm</Filter>
    </None>
    <None Include="thirdparty\glm\gtc\matrix_access.inl">
      <Filter>thirdparty\glm</Filter>
    </None>
    <None Include="thirdparty\glm\ext\matrix_clip_space.inl">
      <Filter>thirdparty\glm</Filter>
    </None>
    <None Include="thirdparty\glm\gtx\matrix_cross_product.inl">
      <Filter>thirdparty\glm</Filter>
    </None>
    <None Include="thirdparty\glm\gtx\matrix_decompose.inl">
      <Filter>thirdparty\glm</Filter>
    </None>
    <None Include="thirdparty\glm\gtx\matrix_factorisation.inl">
      <Filter>thirdparty\glm</Filter>
    </None>
    <None Include="thirdparty\glm\gtx\matrix_interpolation.inl">
      <Filter>thirdparty\glm</Filter>
    </None>
    <None Include="thirdparty\glm\gtc\matrix_inverse.inl">
      <Filter>thirdparty\glm</Filter>
    </None>
    <None Include="thirdparty\glm\gtx\matrix_major_storage.inl">
      <Filter>thirdparty\glm</Filter>
    </None>
    <None Include="thirdparty\glm\gtx\matrix_operation.inl">
      <Filter>thirdparty\glm</Filter>
    </None>
    <None Include="thirdparty\glm\ext\matrix_projection.inl">
      <Filter>thirdparty\glm</Filter>
    </None>
    <None Include="thirdparty\glm\gtx\matrix_query.inl">
      <Filter>thirdparty\glm</Filter>
    </None>
    <None Include="thirdparty\glm\ext\matrix_relational.inl">
      <Filter>thirdparty\glm</Filter>
    </None>
    <None Include="thirdparty\glm\ext\matrix_transform.inl">
      <Filter>thirdparty\glm</Filter>
    </None>
    <None Include="thirdparty\glm\gtc\matrix_transform.inl">
      <Filter>thirdparty\glm</Filter>
    </None>
    <None Include="thirdparty\glm\gtx\matrix_transform_2d.inl">
      <Filter>thirdparty\glm</Filter>
    </None>
    <None Include="thirdparty\glm\gtx\mixed_product.inl">
      <Filter>thirdparty\glm</Filter>
    </None>
    <None Include="thirdparty\glm\gtc\noise.inl">
      <Filter>thirdparty\glm</Filter>
    </None>
    <None Include="thirdparty\glm\gtx\norm.inl">
      <Filter>thirdparty\glm</Filter>
    </None>
    <None Include="thirdparty\glm\gtx\normal.inl">
      <Filter>thirdparty\glm</Filter>
    </None>
    <None Include="thirdparty\glm\gtx\normalize_dot.inl">
      <Filter>thirdparty\glm</Filter>
    </None>
    <None Include="thirdparty\glm\gtx\number_precision.inl">
      <Filter>thirdparty\glm</Filter>
    </None>
    <None Include="thirdparty\glm\gtx\optimum_pow.inl">
      <Filter>thirdparty\glm</Filter>
    </None>
    <None Include="thirdparty\glm\gtx\orthonormalize.inl">
      <Filter>thirdparty\glm</Filter>
    </None>
    <None Include="thirdparty\glm\gtc\packing.inl">
      <Filter>thirdparty\glm</Filter>
    </None>
    <None Include="thirdparty\glm\gtx\perpendicular.inl">
      <Filter>thirdparty\glm</Filter>
    </None>
    <None Include="thirdparty\glm\gtx\polar_coordinates.inl">
      <Filter>thirdparty\glm</Filter>
    </None>
    <None Include="thirdparty\glm\gtx\projection.inl">
      <Filter>thirdparty\glm</Filter>
    </None>
    <None Include="thirdparty\glm\gtx\quaternion.inl">
      <Filter>thirdparty\glm</Filter>
    </None>
    <None Include="thirdparty\glm\gtc\quaternion.inl">
      <Filter>thirdparty\glm</Filter>
    </None>
    <None Include="thirdparty\glm\ext\quaternion_common.inl">
      <Filter>thirdparty\glm</Filter>
    </None>
    <None Include="thirdparty\glm\ext\quaternion_common_simd.inl">
      <Filter>thirdparty\glm</Filter>
    </None>
    <None Include="thirdparty\glm\ext\quaternion_exponential.inl">
      <Filter>thirdparty\glm</Filter>
    </None>
    <None Include="thirdparty\glm\ext\quaternion_geometric.inl">
      <Filter>thirdparty\glm</Filter>
    </None>
    <None Include="thirdparty\glm\ext\quaternion_relational.inl">
      <Filter>thirdparty\glm</Filter>
    </None>
    <None Include="thirdparty\glm\gtc\quaternion_simd.inl">
      <Filter>thirdparty\glm</Filter>
    </None>
    <None Include="thirdparty\glm\ext\quaternion_transform.inl">
      <Filter>thirdparty\glm</Filter>
    </None>
    <None Include="thirdparty\glm\ext\quaternion_trigonometric.inl">
      <Filter>thirdparty\glm</Filter>
    </None>
    <None Include="thirdparty\glm\gtc\random.inl">
      <Filter>thirdparty\glm</Filter>
    </None>
    <None Include="thirdparty\glm\gtx\raw_data.inl">
      <Filter>thirdparty\glm</Filter>
    </None>
    <None Include="thirdparty\glm\gtc\reciprocal.inl">
      <Filter>thirdparty\glm</Filter>
    </None>
    <None Include="thirdparty\glm\gtx\rotate_normalized_axis.inl">
      <Filter>thirdparty\glm</Filter>
    </None>
    <None Include="thirdparty\glm\gtx\rotate_vector.inl">
      <Filter>thirdparty\glm</Filter>
    </None>
    <None Include="thirdparty\glm\gtc\round.inl">
      <Filter>thirdparty\glm</Filter>
    </None>
    <None Include="thirdparty\glm\ext\scalar_common.inl">
      <Filter>thirdparty\glm</Filter>
    </None>
    <None Include="thirdparty\glm\ext\scalar_constants.inl">
      <Filter>thirdparty\glm</Filter>
    </None>
    <None Include="thirdparty\glm\gtx\scalar_relational.inl">
      <Filter>thirdparty\glm</Filter>
    </None>
    <None Include="thirdparty\glm\ext\scalar_relational.inl">
      <Filter>thirdparty\glm</Filter>
    </None>
    <None Include="thirdparty\glm\ext\scalar_ulp.inl">
      <Filter>thirdparty\glm</Filter>
    </None>
    <None Include="thirdparty\glm\gtx\spline.inl">
      <Filter>thirdparty\glm</Filter>
    </None>
    <None Include="thirdparty\glm\gtx\std_based_type.inl">
      <Filter>thirdparty\glm</Filter>
    </None>
    <None Include="thirdparty\glm\gtx\string_cast.inl">
      <Filter>thirdparty\glm</Filter>
    </None>
    <None Include="thirdparty\glm\gtx\texture.inl">
      <Filter>thirdparty\glm</Filter>
    </None>
    <None Include="thirdparty\glm\gtx\transform.inl">
      <Filter>thirdparty\glm</Filter>
    </None>
    <None Include="thirdparty\glm\gtx\transform2.inl">
      <Filter>thirdparty\glm</Filter>
    </None>
    <None Include="thirdparty\glm\gtx\type_aligned.inl">
      <Filter>thirdparty\glm</Filter>
    </None>
    <None Include="thirdparty\glm\detail\type_half.inl">
      <Filter>thirdparty\glm</Filter>
    </None>
    <None Include="thirdparty\glm\detail\type_mat2x2.inl">
      <Filter>thirdparty\glm</Filter>
    </None>
    <None Include="thirdparty\glm\detail\type_mat2x3.inl">
      <Filter>thirdparty\glm</Filter>
    </None>
    <None Include="thirdparty\glm\detail\type_mat2x4.inl">
      <Filter>thirdparty\glm</Filter>
    </None>
    <None Include="thirdparty\glm\detail\type_mat3x2.inl">
      <Filter>thirdparty\glm</Filter>
    </None>
    <None Include="thirdparty\glm\detail\type_mat3x3.inl">
      <Filter>thirdparty\glm</Filter>
    </None>
    <None Include="thirdparty\glm\detail\type_mat3x4.inl">
      <Filter>thirdparty\glm</Filter>
    </None>
    <None Include="thirdparty\glm\detail\type_mat4x2.inl">
      <Filter>thirdparty\glm</Filter>
    </None>
    <None Include="thirdparty\glm\detail\type_mat4x3.inl">
      <Filter>thirdparty\glm</Filter>
    </None>
    <None Include="thirdparty\glm\detail\type_mat4x4.inl">
      <Filter>thirdparty\glm</Filter>
    </None>
    <None Include="thirdparty\glm\detail\type_mat4x4_simd.inl">
      <Filter>thirdparty\glm</Filter>
    </None>
    <None Include="thirdparty\glm\gtc\type_precision.inl">
      <Filter>thirdparty\glm</Filter>
    </None>
    <None Include="thirdparty\glm\gtc\type_ptr.inl">
      <Filter>thirdparty\glm</Filter>
    </None>
    <None Include="thirdparty\glm\detail\type_quat.inl">
      <Filter>thirdparty\glm</Filter>
    </None>
    <None Include="thirdparty\glm\detail\type_quat_simd.inl">
      <Filter>thirdparty\glm</Filter>
    </None>
    <None Include="thirdparty\glm\gtx\type_trait.inl">
      <Filter>thirdparty\glm</Filter>
    </None>
    <None Include="thirdparty\glm\detail\type_vec1.inl">
      <Filter>thirdparty\glm</Filter>
    </None>
    <None Include="thirdparty\glm\detail\type_vec2.inl">
      <Filter>thirdparty\glm</Filter>
    </None>
    <None Include="thirdparty\glm\detail\type_vec3.inl">
      <Filter>thirdparty\glm</Filter>
    </None>
    <None Include="thirdparty\glm\detail\type_vec4.inl">
      <Filter>thirdparty\glm</Filter>
    </None>
    <None Include="thirdparty\glm\detail\type_vec4_simd.inl">
      <Filter>thirdparty\glm</Filter>
    </None>
    <None Include="thirdparty\glm\gtc\ulp.inl">
      <Filter>thirdparty\glm</Filter>
    </None>
    <None Include="thirdparty\glm\gtx\vector_angle.inl">
      <Filter>thirdparty\glm</Filter>
    </None>
    <None Include="thirdparty\glm\ext\vector_common.inl">
      <Filter>thirdparty\glm</Filter>
    </None>
    <None Include="thirdparty\glm\gtx\vector_query.inl">
      <Filter>thirdparty\glm</Filter>
    </None>
    <None Include="thirdparty\glm\ext\vector_relational.inl">
      <Filter>thirdparty\glm</Filter>
    </None>
    <None Include="thirdparty\glm\ext\vector_ulp.inl">
      <Filter>thirdparty\glm</Filter>
    </None>
    <None Include="thirdparty\glm\gtx\wrap.inl">
      <Filter>thirdparty\glm</Filter>
    </None>
  </ItemGroup>
  <ItemGroup>
    <Filter Include="graphics">
      <UniqueIdentifier>{7d28ad02-61bd-4ad1-ac1e-f55c46eec3ae}</UniqueIdentifier>
    </Filter>
    <Filter Include="thirdparty">
      <UniqueIdentifier>{7062a388-0cef-4384-a205-58712e440c14}</UniqueIdentifier>
    </Filter>
    <Filter Include="thirdparty\glm">
      <UniqueIdentifier>{c92dd10a-f078-4586-ae5c-23d9247f1210}</UniqueIdentifier>
    </Filter>
    <Filter Include="thirdparty\glad">
      <UniqueIdentifier>{d7fb69ef-cd17-40d0-acca-5d715c7d8ac0}</UniqueIdentifier>
    </Filter>
    <Filter Include="thirdparty\stb">
      <UniqueIdentifier>{8f2fb9ae-da58-4424-b3bb-1c337193f79e}</UniqueIdentifier>
    </Filter>
  </ItemGroup>
</Project>